
Microsoft Visual Studio Solution File, Format Version 12.00
# Visual Studio Version 16
VisualStudioVersion = 16.0.31702.278
MinimumVisualStudioVersion = 10.0.40219.1
Project("{FAE04EC0-301F-11D3-BF4B-00C04F79EFBC}") = "manejo-excepciones", "manejo-excepciones.csproj", "{BBBB4D19-E829-4B4B-8F3E-F2D392EB2B71}"
EndProject
Global
	GlobalSection(SolutionConfigurationPlatforms) = preSolution
		Debug|Any CPU = Debug|Any CPU
		Release|Any CPU = Release|Any CPU
	EndGlobalSection
	GlobalSection(ProjectConfigurationPlatforms) = postSolution
		{BBBB4D19-E829-4B4B-8F3E-F2D392EB2B71}.Debug|Any CPU.ActiveCfg = Debug|Any CPU
		{BBBB4D19-E829-4B4B-8F3E-F2D392EB2B71}.Debug|Any CPU.Build.0 = Debug|Any CPU
		{BBBB4D19-E829-4B4B-8F3E-F2D392EB2B71}.Release|Any CPU.ActiveCfg = Release|Any CPU
		{BBBB4D19-E829-4B4B-8F3E-F2D392EB2B71}.Release|Any CPU.Build.0 = Release|Any CPU
	EndGlobalSection
	GlobalSection(SolutionProperties) = preSolution
		HideSolutionNode = FALSE
	EndGlobalSection
	GlobalSection(ExtensibilityGlobals) = postSolution
		SolutionGuid = {C15C452A-DD81-4645-8E8D-EEA772943661}
	EndGlobalSection
EndGlobal
